
Microsoft Visual Studio Solution File, Format Version 12.00
# Visual Studio 15
VisualStudioVersion = 15.0.27428.2015
MinimumVisualStudioVersion = 10.0.40219.1
Project("{FAE04EC0-301F-11D3-BF4B-00C04F79EFBC}") = "Umbra", "Umbra\Umbra.csproj", "{48BDEB06-2C91-4DB0-BBC3-AE9293E2FB65}"
EndProject
Project("{9A19103F-16F7-4668-BE54-9A1E7A4F7556}") = "DataAccess", "..\DataAccess\DataAccess\DataAccess.csproj", "{FEBB950A-DFFB-4481-8022-4663B7617377}"
EndProject
Project("{9A19103F-16F7-4668-BE54-9A1E7A4F7556}") = "API", "..\API\API\API.csproj", "{8ED2FCA1-E1EE-4FAB-B62F-9343606EF9B7}"
EndProject
Global
	GlobalSection(SolutionConfigurationPlatforms) = preSolution
		Debug|Any CPU = Debug|Any CPU
		Release|Any CPU = Release|Any CPU
	EndGlobalSection
	GlobalSection(ProjectConfigurationPlatforms) = postSolution
		{48BDEB06-2C91-4DB0-BBC3-AE9293E2FB65}.Debug|Any CPU.ActiveCfg = Debug|Any CPU
		{48BDEB06-2C91-4DB0-BBC3-AE9293E2FB65}.Debug|Any CPU.Build.0 = Debug|Any CPU
		{48BDEB06-2C91-4DB0-BBC3-AE9293E2FB65}.Release|Any CPU.ActiveCfg = Release|Any CPU
		{48BDEB06-2C91-4DB0-BBC3-AE9293E2FB65}.Release|Any CPU.Build.0 = Release|Any CPU
		{FEBB950A-DFFB-4481-8022-4663B7617377}.Debug|Any CPU.ActiveCfg = Debug|Any CPU
		{FEBB950A-DFFB-4481-8022-4663B7617377}.Debug|Any CPU.Build.0 = Debug|Any CPU
		{FEBB950A-DFFB-4481-8022-4663B7617377}.Release|Any CPU.ActiveCfg = Release|Any CPU
		{FEBB950A-DFFB-4481-8022-4663B7617377}.Release|Any CPU.Build.0 = Release|Any CPU
		{8ED2FCA1-E1EE-4FAB-B62F-9343606EF9B7}.Debug|Any CPU.ActiveCfg = Debug|Any CPU
		{8ED2FCA1-E1EE-4FAB-B62F-9343606EF9B7}.Debug|Any CPU.Build.0 = Debug|Any CPU
		{8ED2FCA1-E1EE-4FAB-B62F-9343606EF9B7}.Release|Any CPU.ActiveCfg = Release|Any CPU
		{8ED2FCA1-E1EE-4FAB-B62F-9343606EF9B7}.Release|Any CPU.Build.0 = Release|Any CPU
	EndGlobalSection
	GlobalSection(SolutionProperties) = preSolution
		HideSolutionNode = FALSE
	EndGlobalSection
	GlobalSection(ExtensibilityGlobals) = postSolution
		SolutionGuid = {D1544DDC-2D7D-485D-86BC-38EAC8532680}
	EndGlobalSection
EndGlobal
